
Microsoft Visual Studio Solution File, Format Version 12.00
# Visual Studio 15
VisualStudioVersion = 15.0.28307.1259
MinimumVisualStudioVersion = 10.0.40219.1
Project("{FAE04EC0-301F-11D3-BF4B-00C04F79EFBC}") = "Photographer", "Photographer\Photographer.csproj", "{5B2D9B79-FDC0-4F57-BDA3-6B6E6FC1C428}"
EndProject
Global
	GlobalSection(SolutionConfigurationPlatforms) = preSolution
		Debug|Any CPU = Debug|Any CPU
		Release|Any CPU = Release|Any CPU
	EndGlobalSection
	GlobalSection(ProjectConfigurationPlatforms) = postSolution
		{5B2D9B79-FDC0-4F57-BDA3-6B6E6FC1C428}.Debug|Any CPU.ActiveCfg = Debug|Any CPU
		{5B2D9B79-FDC0-4F57-BDA3-6B6E6FC1C428}.Debug|Any CPU.Build.0 = Debug|Any CPU
		{5B2D9B79-FDC0-4F57-BDA3-6B6E6FC1C428}.Release|Any CPU.ActiveCfg = Release|Any CPU
		{5B2D9B79-FDC0-4F57-BDA3-6B6E6FC1C428}.Release|Any CPU.Build.0 = Release|Any CPU
	EndGlobalSection
	GlobalSection(SolutionProperties) = preSolution
		HideSolutionNode = FALSE
	EndGlobalSection
	GlobalSection(ExtensibilityGlobals) = postSolution
		SolutionGuid = {051300E5-07FB-4C02-9740-1BCDFE429A37}
	EndGlobalSection
EndGlobal
